
Microsoft Visual Studio Solution File, Format Version 12.00
# Visual Studio Version 17
VisualStudioVersion = 17.5.002.0
MinimumVisualStudioVersion = 10.0.40219.1
Project("{9A19103F-16F7-4668-BE54-9A1E7A4F7556}") = "RazorPageGenerator", "RazorPageGenerator.csproj", "{B295F326-B27D-4D88-A43D-C04F578F4AFB}"
EndProject
Global
	GlobalSection(SolutionConfigurationPlatforms) = preSolution
		Debug|Any CPU = Debug|Any CPU
		Release|Any CPU = Release|Any CPU
	EndGlobalSection
	GlobalSection(ProjectConfigurationPlatforms) = postSolution
		{B295F326-B27D-4D88-A43D-C04F578F4AFB}.Debug|Any CPU.ActiveCfg = Debug|Any CPU
		{B295F326-B27D-4D88-A43D-C04F578F4AFB}.Debug|Any CPU.Build.0 = Debug|Any CPU
		{B295F326-B27D-4D88-A43D-C04F578F4AFB}.Release|Any CPU.ActiveCfg = Release|Any CPU
		{B295F326-B27D-4D88-A43D-C04F578F4AFB}.Release|Any CPU.Build.0 = Release|Any CPU
	EndGlobalSection
	GlobalSection(SolutionProperties) = preSolution
		HideSolutionNode = FALSE
	EndGlobalSection
	GlobalSection(ExtensibilityGlobals) = postSolution
		SolutionGuid = {773CD298-DD7E-4F0B-B59F-C438B8379291}
	EndGlobalSection
EndGlobal
